// !$*UTF8*$!
{
	archiveVersion = 1;
	classes = {
	};
	objectVersion = 77;
	objects = {

/* Begin PBXBuildFile section */
		D257E96A2EBF8B4C003C7D9C /* GoogleSignIn in Frameworks */ = {isa = PBXBuildFile; productRef = D257E9692EBF8B4C003C7D9C /* GoogleSignIn */; };
		D257E96C2EBF8B4C003C7D9C /* GoogleSignInSwift in Frameworks */ = {isa = PBXBuildFile; productRef = D257E96B2EBF8B4C003C7D9C /* GoogleSignInSwift */; };
		D257E99F2EBF9267003C7D9C /* FirebaseAnalytics in Frameworks */ = {isa = PBXBuildFile; productRef = D257E99E2EBF9267003C7D9C /* FirebaseAnalytics */; };
		D257E9A12EBF9267003C7D9C /* FirebaseAnalyticsCore in Frameworks */ = {isa = PBXBuildFile; productRef = D257E9A02EBF9267003C7D9C /* FirebaseAnalyticsCore */; };
		D257E9A32EBF9267003C7D9C /* FirebaseAuth in Frameworks */ = {isa = PBXBuildFile; productRef = D257E9A22EBF9267003C7D9C /* FirebaseAuth */; };
		D257E9A52EBF9267003C7D9C /* FirebaseCore in Frameworks */ = {isa = PBXBuildFile; productRef = D257E9A42EBF9267003C7D9C /* FirebaseCore */; };
		D257E9A72EBF9267003C7D9C /* FirebaseDatabase in Frameworks */ = {isa = PBXBuildFile; productRef = D257E9A62EBF9267003C7D9C /* FirebaseDatabase */; };
		D257E9A92EBF9267003C7D9C /* FirebaseFirestore in Frameworks */ = {isa = PBXBuildFile; productRef = D257E9A82EBF9267003C7D9C /* FirebaseFirestore */; };
		D257E9AB2EBF9267003C7D9C /* FirebaseStorage in Frameworks */ = {isa = PBXBuildFile; productRef = D257E9AA2EBF9267003C7D9C /* FirebaseStorage */; };
/* End PBXBuildFile section */

/* Begin PBXContainerItemProxy section */
		D23901912EBD0F8B004E0768 /* PBXContainerItemProxy */ = {
			isa = PBXContainerItemProxy;
			containerPortal = D23901722EBD0F88004E0768 /* Project object */;
			proxyType = 1;
			remoteGlobalIDString = D23901792EBD0F88004E0768;
			remoteInfo = SwiftMarketplace;
		};
		D239019B2EBD0F8B004E0768 /* PBXContainerItemProxy */ = {
			isa = PBXContainerItemProxy;
			containerPortal = D23901722EBD0F88004E0768 /* Project object */;
			proxyType = 1;
			remoteGlobalIDString = D23901792EBD0F88004E0768;
			remoteInfo = SwiftMarketplace;
		};
/* End PBXContainerItemProxy section */

/* Begin PBXFileReference section */
		D239017A2EBD0F88004E0768 /* SwiftMarketplace.app */ = {isa = PBXFileReference; explicitFileType = wrapper.application; includeInIndex = 0; path = SwiftMarketplace.app; sourceTree = BUILT_PRODUCTS_DIR; };
		D23901902EBD0F8B004E0768 /* SwiftMarketplaceTests.xctest */ = {isa = PBXFileReference; explicitFileType = wrapper.cfbundle; includeInIndex = 0; path = SwiftMarketplaceTests.xctest; sourceTree = BUILT_PRODUCTS_DIR; };
		D239019A2EBD0F8B004E0768 /* SwiftMarketplaceUITests.xctest */ = {isa = PBXFileReference; explicitFileType = wrapper.cfbundle; includeInIndex = 0; path = SwiftMarketplaceUITests.xctest; sourceTree = BUILT_PRODUCTS_DIR; };
/* End PBXFileReference section */

/* Begin PBXFileSystemSynchronizedBuildFileExceptionSet section */
		D23901A22EBD0F8B004E0768 /* Exceptions for "SwiftMarketplace" folder in "SwiftMarketplace" target */ = {
			isa = PBXFileSystemSynchronizedBuildFileExceptionSet;
			membershipExceptions = (
				Resources/Info.plist,
			);
			target = D23901792EBD0F88004E0768 /* SwiftMarketplace */;
		};
/* End PBXFileSystemSynchronizedBuildFileExceptionSet section */

/* Begin PBXFileSystemSynchronizedRootGroup section */
		D239017C2EBD0F88004E0768 /* SwiftMarketplace */ = {
			isa = PBXFileSystemSynchronizedRootGroup;
			exceptions = (
				D23901A22EBD0F8B004E0768 /* Exceptions for "SwiftMarketplace" folder in "SwiftMarketplace" target */,
			);
			path = SwiftMarketplace;
			sourceTree = "<group>";
		};
		D23901932EBD0F8B004E0768 /* SwiftMarketplaceTests */ = {
			isa = PBXFileSystemSynchronizedRootGroup;
			path = SwiftMarketplaceTests;
			sourceTree = "<group>";
		};
		D239019D2EBD0F8B004E0768 /* SwiftMarketplaceUITests */ = {
			isa = PBXFileSystemSynchronizedRootGroup;
			path = SwiftMarketplaceUITests;
			sourceTree = "<group>";
		};
/* End PBXFileSystemSynchronizedRootGroup section */

/* Begin PBXFrameworksBuildPhase section */
		D23901772EBD0F88004E0768 /* Frameworks */ = {
			isa = PBXFrameworksBuildPhase;
			buildActionMask = 2147483647;
			files = (
				D257E96A2EBF8B4C003C7D9C /* GoogleSignIn in Frameworks */,
				D257E9A32EBF9267003C7D9C /* FirebaseAuth in Frameworks */,
				D257E9AB2EBF9267003C7D9C /* FirebaseStorage in Frameworks */,
				D257E96C2EBF8B4C003C7D9C /* GoogleSignInSwift in Frameworks */,
				D257E99F2EBF9267003C7D9C /* FirebaseAnalytics in Frameworks */,
				D257E9A52EBF9267003C7D9C /* FirebaseCore in Frameworks */,
				D257E9A92EBF9267003C7D9C /* FirebaseFirestore in Frameworks */,
				D257E9A72EBF9267003C7D9C /* FirebaseDatabase in Frameworks */,
				D257E9A12EBF9267003C7D9C /* FirebaseAnalyticsCore in Frameworks */,
			);
			runOnlyForDeploymentPostprocessing = 0;
		};
		D239018D2EBD0F8B004E0768 /* Frameworks */ = {
			isa = PBXFrameworksBuildPhase;
			buildActionMask = 2147483647;
			files = (
			);
			runOnlyForDeploymentPostprocessing = 0;
		};
		D23901972EBD0F8B004E0768 /* Frameworks */ = {
			isa = PBXFrameworksBuildPhase;
			buildActionMask = 2147483647;
			files = (
			);
			runOnlyForDeploymentPostprocessing = 0;
		};
/* End PBXFrameworksBuildPhase section */

/* Begin PBXGroup section */
		D23901712EBD0F88004E0768 = {
			isa = PBXGroup;
			children = (
				D239017C2EBD0F88004E0768 /* SwiftMarketplace */,
				D23901932EBD0F8B004E0768 /* SwiftMarketplaceTests */,
				D239019D2EBD0F8B004E0768 /* SwiftMarketplaceUITests */,
				D239017B2EBD0F88004E0768 /* Products */,
			);
			sourceTree = "<group>";
		};
		D239017B2EBD0F88004E0768 /* Products */ = {
			isa = PBXGroup;
			children = (
				D239017A2EBD0F88004E0768 /* SwiftMarketplace.app */,
				D23901902EBD0F8B004E0768 /* SwiftMarketplaceTests.xctest */,
				D239019A2EBD0F8B004E0768 /* SwiftMarketplaceUITests.xctest */,
			);
			name = Products;
			sourceTree = "<group>";
		};
/* End PBXGroup section */

/* Begin PBXNativeTarget section */
		D23901792EBD0F88004E0768 /* SwiftMarketplace */ = {
			isa = PBXNativeTarget;
			buildConfigurationList = D23901A32EBD0F8B004E0768 /* Build configuration list for PBXNativeTarget "SwiftMarketplace" */;
			buildPhases = (
				D23901762EBD0F88004E0768 /* Sources */,
				D23901772EBD0F88004E0768 /* Frameworks */,
				D23901782EBD0F88004E0768 /* Resources */,
			);
			buildRules = (
			);
			dependencies = (
			);
			fileSystemSynchronizedGroups = (
				D239017C2EBD0F88004E0768 /* SwiftMarketplace */,
			);
			name = SwiftMarketplace;
			packageProductDependencies = (
				D257E9692EBF8B4C003C7D9C /* GoogleSignIn */,
				D257E96B2EBF8B4C003C7D9C /* GoogleSignInSwift */,
				D257E99E2EBF9267003C7D9C /* FirebaseAnalytics */,
				D257E9A02EBF9267003C7D9C /* FirebaseAnalyticsCore */,
				D257E9A22EBF9267003C7D9C /* FirebaseAuth */,
				D257E9A42EBF9267003C7D9C /* FirebaseCore */,
				D257E9A62EBF9267003C7D9C /* FirebaseDatabase */,
				D257E9A82EBF9267003C7D9C /* FirebaseFirestore */,
				D257E9AA2EBF9267003C7D9C /* FirebaseStorage */,
			);
			productName = SwiftMarketplace;
			productReference = D239017A2EBD0F88004E0768 /* SwiftMarketplace.app */;
			productType = "com.apple.product-type.application";
		};
		D239018F2EBD0F8B004E0768 /* SwiftMarketplaceTests */ = {
			isa = PBXNativeTarget;
			buildConfigurationList = D23901A82EBD0F8B004E0768 /* Build configuration list for PBXNativeTarget "SwiftMarketplaceTests" */;
			buildPhases = (
				D239018C2EBD0F8B004E0768 /* Sources */,
				D239018D2EBD0F8B004E0768 /* Frameworks */,
				D239018E2EBD0F8B004E0768 /* Resources */,
			);
			buildRules = (
			);
			dependencies = (
				D23901922EBD0F8B004E0768 /* PBXTargetDependency */,
			);
			fileSystemSynchronizedGroups = (
				D23901932EBD0F8B004E0768 /* SwiftMarketplaceTests */,
			);
			name = SwiftMarketplaceTests;
			packageProductDependencies = (
			);
			productName = SwiftMarketplaceTests;
			productReference = D23901902EBD0F8B004E0768 /* SwiftMarketplaceTests.xctest */;
			productType = "com.apple.product-type.bundle.unit-test";
		};
		D23901992EBD0F8B004E0768 /* SwiftMarketplaceUITests */ = {
			isa = PBXNativeTarget;
			buildConfigurationList = D23901AB2EBD0F8B004E0768 /* Build configuration list for PBXNativeTarget "SwiftMarketplaceUITests" */;
			buildPhases = (
				D23901962EBD0F8B004E0768 /* Sources */,
				D23901972EBD0F8B004E0768 /* Frameworks */,
				D23901982EBD0F8B004E0768 /* Resources */,
			);
			buildRules = (
			);
			dependencies = (
				D239019C2EBD0F8B004E0768 /* PBXTargetDependency */,
			);
			fileSystemSynchronizedGroups = (
				D239019D2EBD0F8B004E0768 /* SwiftMarketplaceUITests */,
			);
			name = SwiftMarketplaceUITests;
			packageProductDependencies = (
			);
			productName = SwiftMarketplaceUITests;
			productReference = D239019A2EBD0F8B004E0768 /* SwiftMarketplaceUITests.xctest */;
			productType = "com.apple.product-type.bundle.ui-testing";
		};
/* End PBXNativeTarget section */

/* Begin PBXProject section */
		D23901722EBD0F88004E0768 /* Project object */ = {
			isa = PBXProject;
			attributes = {
				BuildIndependentTargetsInParallel = 1;
				LastSwiftUpdateCheck = 2600;
				LastUpgradeCheck = 2600;
				TargetAttributes = {
					D23901792EBD0F88004E0768 = {
						CreatedOnToolsVersion = 26.0.1;
					};
					D239018F2EBD0F8B004E0768 = {
						CreatedOnToolsVersion = 26.0.1;
						TestTargetID = D23901792EBD0F88004E0768;
					};
					D23901992EBD0F8B004E0768 = {
						CreatedOnToolsVersion = 26.0.1;
						TestTargetID = D23901792EBD0F88004E0768;
					};
				};
			};
			buildConfigurationList = D23901752EBD0F88004E0768 /* Build configuration list for PBXProject "SwiftMarketplace" */;
			developmentRegion = en;
			hasScannedForEncodings = 0;
			knownRegions = (
				en,
				Base,
			);
			mainGroup = D23901712EBD0F88004E0768;
			minimizedProjectReferenceProxies = 1;
			packageReferences = (
				D257E9682EBF8B4C003C7D9C /* XCRemoteSwiftPackageReference "GoogleSignIn-iOS" */,
				D257E99D2EBF9267003C7D9C /* XCRemoteSwiftPackageReference "firebase-ios-sdk" */,
			);
			preferredProjectObjectVersion = 77;
			productRefGroup = D239017B2EBD0F88004E0768 /* Products */;
			projectDirPath = "";
			projectRoot = "";
			targets = (
				D23901792EBD0F88004E0768 /* SwiftMarketplace */,
				D239018F2EBD0F8B004E0768 /* SwiftMarketplaceTests */,
				D23901992EBD0F8B004E0768 /* SwiftMarketplaceUITests */,
			);
		};
/* End PBXProject section */

/* Begin PBXResourcesBuildPhase section */
		D23901782EBD0F88004E0768 /* Resources */ = {
			isa = PBXResourcesBuildPhase;
			buildActionMask = 2147483647;
			files = (
			);
			runOnlyForDeploymentPostprocessing = 0;
		};
		D239018E2EBD0F8B004E0768 /* Resources */ = {
			isa = PBXResourcesBuildPhase;
			buildActionMask = 2147483647;
			files = (
			);
			runOnlyForDeploymentPostprocessing = 0;
		};
		D23901982EBD0F8B004E0768 /* Resources */ = {
			isa = PBXResourcesBuildPhase;
			buildActionMask = 2147483647;
			files = (
			);
			runOnlyForDeploymentPostprocessing = 0;
		};
/* End PBXResourcesBuildPhase section */

/* Begin PBXSourcesBuildPhase section */
		D23901762EBD0F88004E0768 /* Sources */ = {
			isa = PBXSourcesBuildPhase;
			buildActionMask = 2147483647;
			files = (
			);
			runOnlyForDeploymentPostprocessing = 0;
		};
		D239018C2EBD0F8B004E0768 /* Sources */ = {
			isa = PBXSourcesBuildPhase;
			buildActionMask = 2147483647;
			files = (
			);
			runOnlyForDeploymentPostprocessing = 0;
		};
		D23901962EBD0F8B004E0768 /* Sources */ = {
			isa = PBXSourcesBuildPhase;
			buildActionMask = 2147483647;
			files = (
			);
			runOnlyForDeploymentPostprocessing = 0;
		};
/* End PBXSourcesBuildPhase section */

/* Begin PBXTargetDependency section */
		D23901922EBD0F8B004E0768 /* PBXTargetDependency */ = {
			isa = PBXTargetDependency;
			target = D23901792EBD0F88004E0768 /* SwiftMarketplace */;
			targetProxy = D23901912EBD0F8B004E0768 /* PBXContainerItemProxy */;
		};
		D239019C2EBD0F8B004E0768 /* PBXTargetDependency */ = {
			isa = PBXTargetDependency;
			target = D23901792EBD0F88004E0768 /* SwiftMarketplace */;
			targetProxy = D239019B2EBD0F8B004E0768 /* PBXContainerItemProxy */;
		};
/* End PBXTargetDependency section */

/* Begin XCBuildConfiguration section */
		D23901A42EBD0F8B004E0768 /* Debug */ = {
			isa = XCBuildConfiguration;
			buildSettings = {
				ASSETCATALOG_COMPILER_APPICON_NAME = AppIcon;
				ASSETCATALOG_COMPILER_GLOBAL_ACCENT_COLOR_NAME = AccentColor;
				CODE_SIGN_STYLE = Automatic;
				CURRENT_PROJECT_VERSION = 1;
				DEVELOPMENT_TEAM = 8VWT2MD344;
				GENERATE_INFOPLIST_FILE = YES;
				INFOPLIST_FILE = SwiftMarketplace/Resources/Info.plist;
				INFOPLIST_KEY_UIApplicationSupportsIndirectInputEvents = YES;
				INFOPLIST_KEY_UILaunchStoryboardName = LaunchScreen;
				INFOPLIST_KEY_UISupportedInterfaceOrientations_iPad = "UIInterfaceOrientationPortrait UIInterfaceOrientationPortraitUpsideDown UIInterfaceOrientationLandscapeLeft UIInterfaceOrientationLandscapeRight";
				INFOPLIST_KEY_UISupportedInterfaceOrientations_iPhone = "UIInterfaceOrientationPortrait UIInterfaceOrientationLandscapeLeft UIInterfaceOrientationLandscapeRight";
				LD_RUNPATH_SEARCH_PATHS = (
					"$(inherited)",
					"@executable_path/Frameworks",
				);
				MARKETING_VERSION = 1.0;
				PRODUCT_BUNDLE_IDENTIFIER = com.tinpham.SwiftMarketplace;
				PRODUCT_NAME = "$(TARGET_NAME)";
				STRING_CATALOG_GENERATE_SYMBOLS = YES;
				SWIFT_APPROACHABLE_CONCURRENCY = YES;
				SWIFT_DEFAULT_ACTOR_ISOLATION = MainActor;
				SWIFT_EMIT_LOC_STRINGS = YES;
				SWIFT_UPCOMING_FEATURE_MEMBER_IMPORT_VISIBILITY = YES;
				SWIFT_VERSION = 5.0;
				TARGETED_DEVICE_FAMILY = "1,2";
			};
			name = Debug;
		};
		D23901A52EBD0F8B004E0768 /* Release */ = {
			isa = XCBuildConfiguration;
			buildSettings = {
				ASSETCATALOG_COMPILER_APPICON_NAME = AppIcon;
				ASSETCATALOG_COMPILER_GLOBAL_ACCENT_COLOR_NAME = AccentColor;
				CODE_SIGN_STYLE = Automatic;
				CURRENT_PROJECT_VERSION = 1;
				DEVELOPMENT_TEAM = 8VWT2MD344;
				GENERATE_INFOPLIST_FILE = YES;
				INFOPLIST_FILE = SwiftMarketplace/Resources/Info.plist;
				INFOPLIST_KEY_UIApplicationSupportsIndirectInputEvents = YES;
				INFOPLIST_KEY_UILaunchStoryboardName = LaunchScreen;
				INFOPLIST_KEY_UISupportedInterfaceOrientations_iPad = "UIInterfaceOrientationPortrait UIInterfaceOrientationPortraitUpsideDown UIInterfaceOrientationLandscapeLeft UIInterfaceOrientationLandscapeRight";
				INFOPLIST_KEY_UISupportedInterfaceOrientations_iPhone = "UIInterfaceOrientationPortrait UIInterfaceOrientationLandscapeLeft UIInterfaceOrientationLandscapeRight";
				LD_RUNPATH_SEARCH_PATHS = (
					"$(inherited)",
					"@executable_path/Frameworks",
				);
				MARKETING_VERSION = 1.0;
				PRODUCT_BUNDLE_IDENTIFIER = com.tinpham.SwiftMarketplace;
				PRODUCT_NAME = "$(TARGET_NAME)";
				STRING_CATALOG_GENERATE_SYMBOLS = YES;
				SWIFT_APPROACHABLE_CONCURRENCY = YES;
				SWIFT_DEFAULT_ACTOR_ISOLATION = MainActor;
				SWIFT_EMIT_LOC_STRINGS = YES;
				SWIFT_UPCOMING_FEATURE_MEMBER_IMPORT_VISIBILITY = YES;
				SWIFT_VERSION = 5.0;
				TARGETED_DEVICE_FAMILY = "1,2";
			};
			name = Release;
		};
		D23901A62EBD0F8B004E0768 /* Debug */ = {
			isa = XCBuildConfiguration;
			buildSettings = {
				ALWAYS_SEARCH_USER_PATHS = NO;
				ASSETCATALOG_COMPILER_GENERATE_SWIFT_ASSET_SYMBOL_EXTENSIONS = YES;
				CLANG_ANALYZER_NONNULL = YES;
				CLANG_ANALYZER_NUMBER_OBJECT_CONVERSION = YES_AGGRESSIVE;
				CLANG_CXX_LANGUAGE_STANDARD = "gnu++20";
				CLANG_ENABLE_MODULES = YES;
				CLANG_ENABLE_OBJC_ARC = YES;
				CLANG_ENABLE_OBJC_WEAK = YES;
				CLANG_WARN_BLOCK_CAPTURE_AUTORELEASING = YES;
				CLANG_WARN_BOOL_CONVERSION = YES;
				CLANG_WARN_COMMA = YES;
				CLANG_WARN_CONSTANT_CONVERSION = YES;
				CLANG_WARN_DEPRECATED_OBJC_IMPLEMENTATIONS = YES;
				CLANG_WARN_DIRECT_OBJC_ISA_USAGE = YES_ERROR;
				CLANG_WARN_DOCUMENTATION_COMMENTS = YES;
				CLANG_WARN_EMPTY_BODY = YES;
				CLANG_WARN_ENUM_CONVERSION = YES;
				CLANG_WARN_INFINITE_RECURSION = YES;
				CLANG_WARN_INT_CONVERSION = YES;
				CLANG_WARN_NON_LITERAL_NULL_CONVERSION = YES;
				CLANG_WARN_OBJC_IMPLICIT_RETAIN_SELF = YES;
				CLANG_WARN_OBJC_LITERAL_CONVERSION = YES;
				CLANG_WARN_OBJC_ROOT_CLASS = YES_ERROR;
				CLANG_WARN_QUOTED_INCLUDE_IN_FRAMEWORK_HEADER = YES;
				CLANG_WARN_RANGE_LOOP_ANALYSIS = YES;
				CLANG_WARN_STRICT_PROTOTYPES = YES;
				CLANG_WARN_SUSPICIOUS_MOVE = YES;
				CLANG_WARN_UNGUARDED_AVAILABILITY = YES_AGGRESSIVE;
				CLANG_WARN_UNREACHABLE_CODE = YES;
				CLANG_WARN__DUPLICATE_METHOD_MATCH = YES;
				COPY_PHASE_STRIP = NO;
				DEBUG_INFORMATION_FORMAT = dwarf;
				DEVELOPMENT_TEAM = 8VWT2MD344;
				ENABLE_STRICT_OBJC_MSGSEND = YES;
				ENABLE_TESTABILITY = YES;
				ENABLE_USER_SCRIPT_SANDBOXING = YES;
				GCC_C_LANGUAGE_STANDARD = gnu17;
				GCC_DYNAMIC_NO_PIC = NO;
				GCC_NO_COMMON_BLOCKS = YES;
				GCC_OPTIMIZATION_LEVEL = 0;
				GCC_PREPROCESSOR_DEFINITIONS = (
					"DEBUG=1",
					"$(inherited)",
				);
				GCC_WARN_64_TO_32_BIT_CONVERSION = YES;
				GCC_WARN_ABOUT_RETURN_TYPE = YES_ERROR;
				GCC_WARN_UNDECLARED_SELECTOR = YES;
				GCC_WARN_UNINITIALIZED_AUTOS = YES_AGGRESSIVE;
				GCC_WARN_UNUSED_FUNCTION = YES;
				GCC_WARN_UNUSED_VARIABLE = YES;
				IPHONEOS_DEPLOYMENT_TARGET = 26.0;
				LOCALIZATION_PREFERS_STRING_CATALOGS = YES;
				MTL_ENABLE_DEBUG_INFO = INCLUDE_SOURCE;
				MTL_FAST_MATH = YES;
				ONLY_ACTIVE_ARCH = YES;
				SDKROOT = iphoneos;
				SWIFT_ACTIVE_COMPILATION_CONDITIONS = "DEBUG $(inherited)";
				SWIFT_OPTIMIZATION_LEVEL = "-Onone";
			};
			name = Debug;
		};
		D23901A72EBD0F8B004E0768 /* Release */ = {
			isa = XCBuildConfiguration;
			buildSettings = {
				ALWAYS_SEARCH_USER_PATHS = NO;
				ASSETCATALOG_COMPILER_GENERATE_SWIFT_ASSET_SYMBOL_EXTENSIONS = YES;
				CLANG_ANALYZER_NONNULL = YES;
				CLANG_ANALYZER_NUMBER_OBJECT_CONVERSION = YES_AGGRESSIVE;
				CLANG_CXX_LANGUAGE_STANDARD = "gnu++20";
				CLANG_ENABLE_MODULES = YES;
				CLANG_ENABLE_OBJC_ARC = YES;
				CLANG_ENABLE_OBJC_WEAK = YES;
				CLANG_WARN_BLOCK_CAPTURE_AUTORELEASING = YES;
				CLANG_WARN_BOOL_CONVERSION = YES;
				CLANG_WARN_COMMA = YES;
				CLANG_WARN_CONSTANT_CONVERSION = YES;
				CLANG_WARN_DEPRECATED_OBJC_IMPLEMENTATIONS = YES;
				CLANG_WARN_DIRECT_OBJC_ISA_USAGE = YES_ERROR;
				CLANG_WARN_DOCUMENTATION_COMMENTS = YES;
				CLANG_WARN_EMPTY_BODY = YES;
				CLANG_WARN_ENUM_CONVERSION = YES;
				CLANG_WARN_INFINITE_RECURSION = YES;
				CLANG_WARN_INT_CONVERSION = YES;
				CLANG_WARN_NON_LITERAL_NULL_CONVERSION = YES;
				CLANG_WARN_OBJC_IMPLICIT_RETAIN_SELF = YES;
				CLANG_WARN_OBJC_LITERAL_CONVERSION = YES;
				CLANG_WARN_OBJC_ROOT_CLASS = YES_ERROR;
				CLANG_WARN_QUOTED_INCLUDE_IN_FRAMEWORK_HEADER = YES;
				CLANG_WARN_RANGE_LOOP_ANALYSIS = YES;
				CLANG_WARN_STRICT_PROTOTYPES = YES;
				CLANG_WARN_SUSPICIOUS_MOVE = YES;
				CLANG_WARN_UNGUARDED_AVAILABILITY = YES_AGGRESSIVE;
				CLANG_WARN_UNREACHABLE_CODE = YES;
				CLANG_WARN__DUPLICATE_METHOD_MATCH = YES;
				COPY_PHASE_STRIP = NO;
				DEBUG_INFORMATION_FORMAT = "dwarf-with-dsym";
				DEVELOPMENT_TEAM = 8VWT2MD344;
				ENABLE_NS_ASSERTIONS = NO;
				ENABLE_STRICT_OBJC_MSGSEND = YES;
				ENABLE_USER_SCRIPT_SANDBOXING = YES;
				GCC_C_LANGUAGE_STANDARD = gnu17;
				GCC_NO_COMMON_BLOCKS = YES;
				GCC_WARN_64_TO_32_BIT_CONVERSION = YES;
				GCC_WARN_ABOUT_RETURN_TYPE = YES_ERROR;
				GCC_WARN_UNDECLARED_SELECTOR = YES;
				GCC_WARN_UNINITIALIZED_AUTOS = YES_AGGRESSIVE;
				GCC_WARN_UNUSED_FUNCTION = YES;
				GCC_WARN_UNUSED_VARIABLE = YES;
				IPHONEOS_DEPLOYMENT_TARGET = 26.0;
				LOCALIZATION_PREFERS_STRING_CATALOGS = YES;
				MTL_ENABLE_DEBUG_INFO = NO;
				MTL_FAST_MATH = YES;
				SDKROOT = iphoneos;
				SWIFT_COMPILATION_MODE = wholemodule;
				VALIDATE_PRODUCT = YES;
			};
			name = Release;
		};
		D23901A92EBD0F8B004E0768 /* Debug */ = {
			isa = XCBuildConfiguration;
			buildSettings = {
				BUNDLE_LOADER = "$(TEST_HOST)";
				CODE_SIGN_STYLE = Automatic;
				CURRENT_PROJECT_VERSION = 1;
				DEVELOPMENT_TEAM = 8VWT2MD344;
				GENERATE_INFOPLIST_FILE = YES;
				IPHONEOS_DEPLOYMENT_TARGET = 26.0;
				MARKETING_VERSION = 1.0;
				PRODUCT_BUNDLE_IDENTIFIER = com.tinpham.SwiftMarketplaceTests;
				PRODUCT_NAME = "$(TARGET_NAME)";
				STRING_CATALOG_GENERATE_SYMBOLS = NO;
				SWIFT_APPROACHABLE_CONCURRENCY = YES;
				SWIFT_EMIT_LOC_STRINGS = NO;
				SWIFT_UPCOMING_FEATURE_MEMBER_IMPORT_VISIBILITY = YES;
				SWIFT_VERSION = 5.0;
				TARGETED_DEVICE_FAMILY = "1,2";
				TEST_HOST = "$(BUILT_PRODUCTS_DIR)/SwiftMarketplace.app/$(BUNDLE_EXECUTABLE_FOLDER_PATH)/SwiftMarketplace";
			};
			name = Debug;
		};
		D23901AA2EBD0F8B004E0768 /* Release */ = {
			isa = XCBuildConfiguration;
			buildSettings = {
				BUNDLE_LOADER = "$(TEST_HOST)";
				CODE_SIGN_STYLE = Automatic;
				CURRENT_PROJECT_VERSION = 1;
				DEVELOPMENT_TEAM = 8VWT2MD344;
				GENERATE_INFOPLIST_FILE = YES;
				IPHONEOS_DEPLOYMENT_TARGET = 26.0;
				MARKETING_VERSION = 1.0;
				PRODUCT_BUNDLE_IDENTIFIER = com.tinpham.SwiftMarketplaceTests;
				PRODUCT_NAME = "$(TARGET_NAME)";
				STRING_CATALOG_GENERATE_SYMBOLS = NO;
				SWIFT_APPROACHABLE_CONCURRENCY = YES;
				SWIFT_EMIT_LOC_STRINGS = NO;
				SWIFT_UPCOMING_FEATURE_MEMBER_IMPORT_VISIBILITY = YES;
				SWIFT_VERSION = 5.0;
				TARGETED_DEVICE_FAMILY = "1,2";
				TEST_HOST = "$(BUILT_PRODUCTS_DIR)/SwiftMarketplace.app/$(BUNDLE_EXECUTABLE_FOLDER_PATH)/SwiftMarketplace";
			};
			name = Release;
		};
		D23901AC2EBD0F8B004E0768 /* Debug */ = {
			isa = XCBuildConfiguration;
			buildSettings = {
				CODE_SIGN_STYLE = Automatic;
				CURRENT_PROJECT_VERSION = 1;
				DEVELOPMENT_TEAM = 8VWT2MD344;
				GENERATE_INFOPLIST_FILE = YES;
				MARKETING_VERSION = 1.0;
				PRODUCT_BUNDLE_IDENTIFIER = com.tinpham.SwiftMarketplaceUITests;
				PRODUCT_NAME = "$(TARGET_NAME)";
				STRING_CATALOG_GENERATE_SYMBOLS = NO;
				SWIFT_APPROACHABLE_CONCURRENCY = YES;
				SWIFT_EMIT_LOC_STRINGS = NO;
				SWIFT_UPCOMING_FEATURE_MEMBER_IMPORT_VISIBILITY = YES;
				SWIFT_VERSION = 5.0;
				TARGETED_DEVICE_FAMILY = "1,2";
				TEST_TARGET_NAME = SwiftMarketplace;
			};
			name = Debug;
		};
		D23901AD2EBD0F8B004E0768 /* Release */ = {
			isa = XCBuildConfiguration;
			buildSettings = {
				CODE_SIGN_STYLE = Automatic;
				CURRENT_PROJECT_VERSION = 1;
				DEVELOPMENT_TEAM = 8VWT2MD344;
				GENERATE_INFOPLIST_FILE = YES;
				MARKETING_VERSION = 1.0;
				PRODUCT_BUNDLE_IDENTIFIER = com.tinpham.SwiftMarketplaceUITests;
				PRODUCT_NAME = "$(TARGET_NAME)";
				STRING_CATALOG_GENERATE_SYMBOLS = NO;
				SWIFT_APPROACHABLE_CONCURRENCY = YES;
				SWIFT_EMIT_LOC_STRINGS = NO;
				SWIFT_UPCOMING_FEATURE_MEMBER_IMPORT_VISIBILITY = YES;
				SWIFT_VERSION = 5.0;
				TARGETED_DEVICE_FAMILY = "1,2";
				TEST_TARGET_NAME = SwiftMarketplace;
			};
			name = Release;
		};
/* End XCBuildConfiguration section */

/* Begin XCConfigurationList section */
		D23901752EBD0F88004E0768 /* Build configuration list for PBXProject "SwiftMarketplace" */ = {
			isa = XCConfigurationList;
			buildConfigurations = (
				D23901A62EBD0F8B004E0768 /* Debug */,
				D23901A72EBD0F8B004E0768 /* Release */,
			);
			defaultConfigurationIsVisible = 0;
			defaultConfigurationName = Release;
		};
		D23901A32EBD0F8B004E0768 /* Build configuration list for PBXNativeTarget "SwiftMarketplace" */ = {
			isa = XCConfigurationList;
			buildConfigurations = (
				D23901A42EBD0F8B004E0768 /* Debug */,
				D23901A52EBD0F8B004E0768 /* Release */,
			);
			defaultConfigurationIsVisible = 0;
			defaultConfigurationName = Release;
		};
		D23901A82EBD0F8B004E0768 /* Build configuration list for PBXNativeTarget "SwiftMarketplaceTests" */ = {
			isa = XCConfigurationList;
			buildConfigurations = (
				D23901A92EBD0F8B004E0768 /* Debug */,
				D23901AA2EBD0F8B004E0768 /* Release */,
			);
			defaultConfigurationIsVisible = 0;
			defaultConfigurationName = Release;
		};
		D23901AB2EBD0F8B004E0768 /* Build configuration list for PBXNativeTarget "SwiftMarketplaceUITests" */ = {
			isa = XCConfigurationList;
			buildConfigurations = (
				D23901AC2EBD0F8B004E0768 /* Debug */,
				D23901AD2EBD0F8B004E0768 /* Release */,
			);
			defaultConfigurationIsVisible = 0;
			defaultConfigurationName = Release;
		};
/* End XCConfigurationList section */

/* Begin XCRemoteSwiftPackageReference section */
		D257E9682EBF8B4C003C7D9C /* XCRemoteSwiftPackageReference "GoogleSignIn-iOS" */ = {
			isa = XCRemoteSwiftPackageReference;
			repositoryURL = "https://github.com/google/GoogleSignIn-iOS.git";
			requirement = {
				kind = upToNextMajorVersion;
				minimumVersion = 9.0.0;
			};
		};
		D257E99D2EBF9267003C7D9C /* XCRemoteSwiftPackageReference "firebase-ios-sdk" */ = {
			isa = XCRemoteSwiftPackageReference;
			repositoryURL = "https://github.com/firebase/firebase-ios-sdk.git";
			requirement = {
				kind = upToNextMajorVersion;
				minimumVersion = 12.5.0;
			};
		};
/* End XCRemoteSwiftPackageReference section */

/* Begin XCSwiftPackageProductDependency section */
		D257E9692EBF8B4C003C7D9C /* GoogleSignIn */ = {
			isa = XCSwiftPackageProductDependency;
			package = D257E9682EBF8B4C003C7D9C /* XCRemoteSwiftPackageReference "GoogleSignIn-iOS" */;
			productName = GoogleSignIn;
		};
		D257E96B2EBF8B4C003C7D9C /* GoogleSignInSwift */ = {
			isa = XCSwiftPackageProductDependency;
			package = D257E9682EBF8B4C003C7D9C /* XCRemoteSwiftPackageReference "GoogleSignIn-iOS" */;
			productName = GoogleSignInSwift;
		};
		D257E99E2EBF9267003C7D9C /* FirebaseAnalytics */ = {
			isa = XCSwiftPackageProductDependency;
			package = D257E99D2EBF9267003C7D9C /* XCRemoteSwiftPackageReference "firebase-ios-sdk" */;
			productName = FirebaseAnalytics;
		};
		D257E9A02EBF9267003C7D9C /* FirebaseAnalyticsCore */ = {
			isa = XCSwiftPackageProductDependency;
			package = D257E99D2EBF9267003C7D9C /* XCRemoteSwiftPackageReference "firebase-ios-sdk" */;
			productName = FirebaseAnalyticsCore;
		};
		D257E9A22EBF9267003C7D9C /* FirebaseAuth */ = {
			isa = XCSwiftPackageProductDependency;
			package = D257E99D2EBF9267003C7D9C /* XCRemoteSwiftPackageReference "firebase-ios-sdk" */;
			productName = FirebaseAuth;
		};
		D257E9A42EBF9267003C7D9C /* FirebaseCore */ = {
			isa = XCSwiftPackageProductDependency;
			package = D257E99D2EBF9267003C7D9C /* XCRemoteSwiftPackageReference "firebase-ios-sdk" */;
			productName = FirebaseCore;
		};
		D257E9A62EBF9267003C7D9C /* FirebaseDatabase */ = {
			isa = XCSwiftPackageProductDependency;
			package = D257E99D2EBF9267003C7D9C /* XCRemoteSwiftPackageReference "firebase-ios-sdk" */;
			productName = FirebaseDatabase;
		};
		D257E9A82EBF9267003C7D9C /* FirebaseFirestore */ = {
			isa = XCSwiftPackageProductDependency;
			package = D257E99D2EBF9267003C7D9C /* XCRemoteSwiftPackageReference "firebase-ios-sdk" */;
			productName = FirebaseFirestore;
		};
		D257E9AA2EBF9267003C7D9C /* FirebaseStorage */ = {
			isa = XCSwiftPackageProductDependency;
			package = D257E99D2EBF9267003C7D9C /* XCRemoteSwiftPackageReference "firebase-ios-sdk" */;
			productName = FirebaseStorage;
		};
/* End XCSwiftPackageProductDependency section */
	};
	rootObject = D23901722EBD0F88004E0768 /* Project object */;
}
